schema: '2.0'
stages:
  preprocess:
    cmd: python src/process_data.py
    deps:
    - path: data/data.csv
      hash: md5
      md5: cce525a1d41f234f58d3bb52f3d2516b
      size: 7564965
    - path: src/process_data.py
      hash: md5
      md5: 5ac5740938ad0e3bcc16d381357b9864
      size: 400
    outs:
    - path: data/processed_data.csv
      hash: md5
      md5: e56ea8ad8618c6c8ea4836bd8ab64899
      size: 5932376
  train & evaluate:
    cmd: python src/train_model.py
    deps:
    - path: data/processed_data.csv
      hash: md5
      md5: e56ea8ad8618c6c8ea4836bd8ab64899
      size: 5932376
    - path: src/models/random_forest.py
      hash: md5
      md5: b6d6f383bc5c5ddc462e4d456fc4108e
      size: 132
    - path: src/train_model.py
      hash: md5
      md5: dc59214b5cdc53fc8541b20b8fdb5435
      size: 1629
    outs:
    - path: feature_importance.png
      hash: md5
      md5: 03ebd7120fb0d44c638eb7c811c00c03
      size: 68495
    - path: metrics.json
      hash: md5
      md5: 366ccb42f790ccdc7fef693bc1450bae
      size: 65
