schema: '2.0'
stages:
  preprocess:
    cmd: python src/process_data.py
    deps:
    - path: data/data.csv
      hash: md5
      md5: cce525a1d41f234f58d3bb52f3d2516b
      size: 7564965
    - path: src/process_data.py
      hash: md5
      md5: 5ac5740938ad0e3bcc16d381357b9864
      size: 400
    outs:
    - path: data/processed_data.csv
      hash: md5
      md5: e56ea8ad8618c6c8ea4836bd8ab64899
      size: 5932376
  train & evaluate:
    cmd: python src/train_model.py
    deps:
    - path: data/processed_data.csv
      hash: md5
      md5: e56ea8ad8618c6c8ea4836bd8ab64899
      size: 5932376
    - path: src/train_model.py
      hash: md5
      md5: eb0fef9ae6d09457e40dc689d90e42a2
      size: 1458
    outs:
    - path: feature_importance.png
      hash: md5
      md5: 896cf9e92a2fbbafca98dd6f55136a70
      size: 68205
    - path: metrics.json
      hash: md5
      md5: 6d270d686e90865e1f8d3bb819ace7bf
      size: 65
